
Microsoft Visual Studio Solution File, Format Version 12.00
# Visual Studio Version 16
VisualStudioVersion = 16.0.28917.182
MinimumVisualStudioVersion = 10.0.40219.1
Project("{FAE04EC0-301F-11D3-BF4B-00C04F79EFBC}") = "Homunculus_WPF", "Homunculus_WPF\Homunculus_WPF.csproj", "{F983EC0C-754B-44DB-825D-713FDD279091}"
EndProject
Project("{FAE04EC0-301F-11D3-BF4B-00C04F79EFBC}") = "Homunculus_ViewModel", "Homunculus_ViewModel\Homunculus_ViewModel.csproj", "{3E4B0BA3-C073-4E8B-BE50-5E0BD784C718}"
EndProject
Project("{FAE04EC0-301F-11D3-BF4B-00C04F79EFBC}") = "Homunculus_Model", "Homunculus_Model\Homunculus_Model.csproj", "{B6E532E0-F8C3-430C-B66F-AEB89BB6463D}"
EndProject
Project("{FAE04EC0-301F-11D3-BF4B-00C04F79EFBC}") = "UnitTest_Homunculus_Model", "UnitTest_Homunculus_Model\UnitTest_Homunculus_Model.csproj", "{D2BA6BBD-FDE7-45CE-A28B-A69BED8D9A04}"
EndProject
Project("{FAE04EC0-301F-11D3-BF4B-00C04F79EFBC}") = "UnitTest_ViewModel", "UnitTest_ViewModel\UnitTest_ViewModel.csproj", "{04E82C86-31EC-4480-BD72-6BF8F7418A88}"
EndProject
Project("{9A19103F-16F7-4668-BE54-9A1E7A4F7556}") = "Homunculus_WPFCore", "Homunculus_WPFCore\Homunculus_WPFCore.csproj", "{A8EDAC5C-C032-4B37-B314-F4A0A1704EC4}"
EndProject
Project("{9A19103F-16F7-4668-BE54-9A1E7A4F7556}") = "Homunculus_ModelCore", "Homunculus_ModelCore\Homunculus_ModelCore.csproj", "{5C5BC272-027C-4794-A7FD-5BB2F508DA5A}"
EndProject
Project("{FAE04EC0-301F-11D3-BF4B-00C04F79EFBC}") = "UnitTest_ViewModel_Core", "UnitTest_ViewModel_Core\UnitTest_ViewModel_Core.csproj", "{F683560A-41ED-4F66-BF76-E5DABC6D2475}"
EndProject
Project("{FAE04EC0-301F-11D3-BF4B-00C04F79EFBC}") = "UnitTest_Model_Core", "UnitTest_Model_Core\UnitTest_Model_Core.csproj", "{1BFA9BDD-F4AC-48A9-B3E6-AAFDE194FB65}"
EndProject
Global
	GlobalSection(SolutionConfigurationPlatforms) = preSolution
		Debug|Any CPU = Debug|Any CPU
		Release|Any CPU = Release|Any CPU
	EndGlobalSection
	GlobalSection(ProjectConfigurationPlatforms) = postSolution
		{F983EC0C-754B-44DB-825D-713FDD279091}.Debug|Any CPU.ActiveCfg = Debug|Any CPU
		{F983EC0C-754B-44DB-825D-713FDD279091}.Debug|Any CPU.Build.0 = Debug|Any CPU
		{F983EC0C-754B-44DB-825D-713FDD279091}.Release|Any CPU.ActiveCfg = Release|Any CPU
		{F983EC0C-754B-44DB-825D-713FDD279091}.Release|Any CPU.Build.0 = Release|Any CPU
		{3E4B0BA3-C073-4E8B-BE50-5E0BD784C718}.Debug|Any CPU.ActiveCfg = Debug|Any CPU
		{3E4B0BA3-C073-4E8B-BE50-5E0BD784C718}.Debug|Any CPU.Build.0 = Debug|Any CPU
		{3E4B0BA3-C073-4E8B-BE50-5E0BD784C718}.Release|Any CPU.ActiveCfg = Release|Any CPU
		{3E4B0BA3-C073-4E8B-BE50-5E0BD784C718}.Release|Any CPU.Build.0 = Release|Any CPU
		{B6E532E0-F8C3-430C-B66F-AEB89BB6463D}.Debug|Any CPU.ActiveCfg = Debug|Any CPU
		{B6E532E0-F8C3-430C-B66F-AEB89BB6463D}.Debug|Any CPU.Build.0 = Debug|Any CPU
		{B6E532E0-F8C3-430C-B66F-AEB89BB6463D}.Release|Any CPU.ActiveCfg = Release|Any CPU
		{B6E532E0-F8C3-430C-B66F-AEB89BB6463D}.Release|Any CPU.Build.0 = Release|Any CPU
		{D2BA6BBD-FDE7-45CE-A28B-A69BED8D9A04}.Debug|Any CPU.ActiveCfg = Debug|Any CPU
		{D2BA6BBD-FDE7-45CE-A28B-A69BED8D9A04}.Debug|Any CPU.Build.0 = Debug|Any CPU
		{D2BA6BBD-FDE7-45CE-A28B-A69BED8D9A04}.Release|Any CPU.ActiveCfg = Release|Any CPU
		{D2BA6BBD-FDE7-45CE-A28B-A69BED8D9A04}.Release|Any CPU.Build.0 = Release|Any CPU
		{04E82C86-31EC-4480-BD72-6BF8F7418A88}.Debug|Any CPU.ActiveCfg = Debug|Any CPU
		{04E82C86-31EC-4480-BD72-6BF8F7418A88}.Debug|Any CPU.Build.0 = Debug|Any CPU
		{04E82C86-31EC-4480-BD72-6BF8F7418A88}.Release|Any CPU.ActiveCfg = Release|Any CPU
		{04E82C86-31EC-4480-BD72-6BF8F7418A88}.Release|Any CPU.Build.0 = Release|Any CPU
		{A8EDAC5C-C032-4B37-B314-F4A0A1704EC4}.Debug|Any CPU.ActiveCfg = Debug|Any CPU
		{A8EDAC5C-C032-4B37-B314-F4A0A1704EC4}.Debug|Any CPU.Build.0 = Debug|Any CPU
		{A8EDAC5C-C032-4B37-B314-F4A0A1704EC4}.Release|Any CPU.ActiveCfg = Release|Any CPU
		{A8EDAC5C-C032-4B37-B314-F4A0A1704EC4}.Release|Any CPU.Build.0 = Release|Any CPU
		{5C5BC272-027C-4794-A7FD-5BB2F508DA5A}.Debug|Any CPU.ActiveCfg = Debug|Any CPU
		{5C5BC272-027C-4794-A7FD-5BB2F508DA5A}.Debug|Any CPU.Build.0 = Debug|Any CPU
		{5C5BC272-027C-4794-A7FD-5BB2F508DA5A}.Release|Any CPU.ActiveCfg = Release|Any CPU
		{5C5BC272-027C-4794-A7FD-5BB2F508DA5A}.Release|Any CPU.Build.0 = Release|Any CPU
		{F683560A-41ED-4F66-BF76-E5DABC6D2475}.Debug|Any CPU.ActiveCfg = Debug|Any CPU
		{F683560A-41ED-4F66-BF76-E5DABC6D2475}.Debug|Any CPU.Build.0 = Debug|Any CPU
		{F683560A-41ED-4F66-BF76-E5DABC6D2475}.Release|Any CPU.ActiveCfg = Release|Any CPU
		{F683560A-41ED-4F66-BF76-E5DABC6D2475}.Release|Any CPU.Build.0 = Release|Any CPU
		{1BFA9BDD-F4AC-48A9-B3E6-AAFDE194FB65}.Debug|Any CPU.ActiveCfg = Debug|Any CPU
		{1BFA9BDD-F4AC-48A9-B3E6-AAFDE194FB65}.Debug|Any CPU.Build.0 = Debug|Any CPU
		{1BFA9BDD-F4AC-48A9-B3E6-AAFDE194FB65}.Release|Any CPU.ActiveCfg = Release|Any CPU
		{1BFA9BDD-F4AC-48A9-B3E6-AAFDE194FB65}.Release|Any CPU.Build.0 = Release|Any CPU
	EndGlobalSection
	GlobalSection(SolutionProperties) = preSolution
		HideSolutionNode = FALSE
	EndGlobalSection
	GlobalSection(ExtensibilityGlobals) = postSolution
		SolutionGuid = {49D13CAF-114C-43D6-B17D-54C67EE5E2FA}
	EndGlobalSection
EndGlobal
