
Microsoft Visual Studio Solution File, Format Version 12.00
# Visual Studio 15
VisualStudioVersion = 15.0.27428.2005
MinimumVisualStudioVersion = 10.0.40219.1
Project("{FAE04EC0-301F-11D3-BF4B-00C04F79EFBC}") = "Homunculus_WPF", "Homunculus_WPF\Homunculus_WPF.csproj", "{F983EC0C-754B-44DB-825D-713FDD279091}"
EndProject
Project("{FAE04EC0-301F-11D3-BF4B-00C04F79EFBC}") = "Homunculus_ViewModel", "Homunculus_ViewModel\Homunculus_ViewModel.csproj", "{3E4B0BA3-C073-4E8B-BE50-5E0BD784C718}"
EndProject
Project("{FAE04EC0-301F-11D3-BF4B-00C04F79EFBC}") = "Homunculus_Model", "Homunculus_Model\Homunculus_Model.csproj", "{B6E532E0-F8C3-430C-B66F-AEB89BB6463D}"
EndProject
Project("{FAE04EC0-301F-11D3-BF4B-00C04F79EFBC}") = "UnitTest_Homunculus_Model", "UnitTest_Homunculus_Model\UnitTest_Homunculus_Model.csproj", "{D2BA6BBD-FDE7-45CE-A28B-A69BED8D9A04}"
EndProject
Project("{FAE04EC0-301F-11D3-BF4B-00C04F79EFBC}") = "UnitTest_ViewModel", "UnitTest_ViewModel\UnitTest_ViewModel.csproj", "{04E82C86-31EC-4480-BD72-6BF8F7418A88}"
EndProject
Global
	GlobalSection(SolutionConfigurationPlatforms) = preSolution
		Debug|Any CPU = Debug|Any CPU
		Release|Any CPU = Release|Any CPU
	EndGlobalSection
	GlobalSection(ProjectConfigurationPlatforms) = postSolution
		{F983EC0C-754B-44DB-825D-713FDD279091}.Debug|Any CPU.ActiveCfg = Debug|Any CPU
		{F983EC0C-754B-44DB-825D-713FDD279091}.Debug|Any CPU.Build.0 = Debug|Any CPU
		{F983EC0C-754B-44DB-825D-713FDD279091}.Release|Any CPU.ActiveCfg = Release|Any CPU
		{F983EC0C-754B-44DB-825D-713FDD279091}.Release|Any CPU.Build.0 = Release|Any CPU
		{3E4B0BA3-C073-4E8B-BE50-5E0BD784C718}.Debug|Any CPU.ActiveCfg = Debug|Any CPU
		{3E4B0BA3-C073-4E8B-BE50-5E0BD784C718}.Debug|Any CPU.Build.0 = Debug|Any CPU
		{3E4B0BA3-C073-4E8B-BE50-5E0BD784C718}.Release|Any CPU.ActiveCfg = Release|Any CPU
		{3E4B0BA3-C073-4E8B-BE50-5E0BD784C718}.Release|Any CPU.Build.0 = Release|Any CPU
		{B6E532E0-F8C3-430C-B66F-AEB89BB6463D}.Debug|Any CPU.ActiveCfg = Debug|Any CPU
		{B6E532E0-F8C3-430C-B66F-AEB89BB6463D}.Debug|Any CPU.Build.0 = Debug|Any CPU
		{B6E532E0-F8C3-430C-B66F-AEB89BB6463D}.Release|Any CPU.ActiveCfg = Release|Any CPU
		{B6E532E0-F8C3-430C-B66F-AEB89BB6463D}.Release|Any CPU.Build.0 = Release|Any CPU
		{D2BA6BBD-FDE7-45CE-A28B-A69BED8D9A04}.Debug|Any CPU.ActiveCfg = Debug|Any CPU
		{D2BA6BBD-FDE7-45CE-A28B-A69BED8D9A04}.Debug|Any CPU.Build.0 = Debug|Any CPU
		{D2BA6BBD-FDE7-45CE-A28B-A69BED8D9A04}.Release|Any CPU.ActiveCfg = Release|Any CPU
		{D2BA6BBD-FDE7-45CE-A28B-A69BED8D9A04}.Release|Any CPU.Build.0 = Release|Any CPU
		{04E82C86-31EC-4480-BD72-6BF8F7418A88}.Debug|Any CPU.ActiveCfg = Debug|Any CPU
		{04E82C86-31EC-4480-BD72-6BF8F7418A88}.Debug|Any CPU.Build.0 = Debug|Any CPU
		{04E82C86-31EC-4480-BD72-6BF8F7418A88}.Release|Any CPU.ActiveCfg = Release|Any CPU
		{04E82C86-31EC-4480-BD72-6BF8F7418A88}.Release|Any CPU.Build.0 = Release|Any CPU
	EndGlobalSection
	GlobalSection(SolutionProperties) = preSolution
		HideSolutionNode = FALSE
	EndGlobalSection
	GlobalSection(ExtensibilityGlobals) = postSolution
		SolutionGuid = {49D13CAF-114C-43D6-B17D-54C67EE5E2FA}
	EndGlobalSection
EndGlobal
